<?xml version="1.0" encoding="utf-8"?>
<Project ToolsVersion="4.0" xmlns="http://schemas.microsoft.com/developer/msbuild/2003">
  <ItemGroup>
    <Filter Include="源文件">
      <UniqueIdentifier>{4FC737F1-C7A5-4376-A066-2A32D752A2FF}</UniqueIdentifier>
      <Extensions>cpp;c;cc;cxx;c++;cppm;ixx;def;odl;idl;hpj;bat;asm;asmx</Extensions>
    </Filter>
    <Filter Include="头文件">
      <UniqueIdentifier>{93995380-89BD-4b04-88EB-625FBE52EBFB}</UniqueIdentifier>
      <Extensions>h;hh;hpp;hxx;h++;hm;inl;inc;ipp;xsd</Extensions>
    </Filter>
    <Filter Include="资源文件">
      <UniqueIdentifier>{67DA6AB6-F800-4c08-8B7A-83BB121AAD01}</UniqueIdentifier>
      <Extensions>rc;ico;cur;bmp;dlg;rc2;rct;bin;rgs;gif;jpg;jpeg;jpe;resx;tiff;tif;png;wav;mfcribbon-ms</Extensions>
    </Filter>
    <Filter Include="lithtech">
      <UniqueIdentifier>{dec265f7-e193-421b-96b2-8826a07435b8}</UniqueIdentifier>
    </Filter>
    <Filter Include="lithtech\runtime">
      <UniqueIdentifier>{0d41a77f-009e-49c7-82c6-060e9b9cdb4f}</UniqueIdentifier>
    </Filter>
    <Filter Include="lithtech\sdk">
      <UniqueIdentifier>{09e64e96-ff11-48cb-8a40-c31d685dec1e}</UniqueIdentifier>
    </Filter>
    <Filter Include="lithtech\stdlith">
      <UniqueIdentifier>{36fd07e8-b621-4f1a-8550-cb014758ed91}</UniqueIdentifier>
    </Filter>
    <Filter Include="lithtech\sdk\physics">
      <UniqueIdentifier>{1cbc7459-5b4e-476f-a97c-45bbe076ccfe}</UniqueIdentifier>
    </Filter>
    <Filter Include="lithtech\sdk\sys">
      <UniqueIdentifier>{01d14116-8d42-4d6d-bf0e-0d30eb487f3a}</UniqueIdentifier>
    </Filter>
    <Filter Include="lithtech\runtime\kernel">
      <UniqueIdentifier>{b0a7b6de-1004-4eb0-8ee1-04b4e695ddc4}</UniqueIdentifier>
    </Filter>
    <Filter Include="lithtech\runtime\lithtemplate">
      <UniqueIdentifier>{d0581282-06cc-4796-b36f-8eaad5e523e4}</UniqueIdentifier>
    </Filter>
    <Filter Include="lithtech\runtime\model">
      <UniqueIdentifier>{c6be0eb7-571f-437a-bc8b-e561259127a9}</UniqueIdentifier>
    </Filter>
    <Filter Include="lithtech\runtime\shared">
      <UniqueIdentifier>{9f43754d-6afe-45f7-afd4-20e186491757}</UniqueIdentifier>
    </Filter>
    <Filter Include="lzma">
      <UniqueIdentifier>{e68b1ea0-7a40-442e-8361-460c0b03cddb}</UniqueIdentifier>
    </Filter>
  </ItemGroup>
  <ItemGroup>
    <ClCompile Include="src\main.cpp">
      <Filter>源文件</Filter>
    </ClCompile>
    <ClCompile Include="lithtech\stdlith\dynarray.cpp">
      <Filter>lithtech\stdlith</Filter>
    </ClCompile>
    <ClCompile Include="lithtech\stdlith\helpers.cpp">
      <Filter>lithtech\stdlith</Filter>
    </ClCompile>
    <ClCompile Include="lithtech\stdlith\l_allocator.cpp">
      <Filter>lithtech\stdlith</Filter>
    </ClCompile>
    <ClCompile Include="lithtech\sdk\LTEulerAngles.cpp">
      <Filter>lithtech\sdk</Filter>
    </ClCompile>
    <ClCompile Include="lithtech\sdk\ltquatbase.cpp">
      <Filter>lithtech\sdk</Filter>
    </ClCompile>
    <ClCompile Include="lithtech\runtime\kernel\de_file.cpp">
      <Filter>lithtech\runtime\kernel</Filter>
    </ClCompile>
    <ClCompile Include="lithtech\runtime\model\d3d_model_load.cpp">
      <Filter>lithtech\runtime\model</Filter>
    </ClCompile>
    <ClCompile Include="lithtech\runtime\model\model.cpp">
      <Filter>lithtech\runtime\model</Filter>
    </ClCompile>
    <ClCompile Include="lithtech\runtime\model\model_load.cpp">
      <Filter>lithtech\runtime\model</Filter>
    </ClCompile>
    <ClCompile Include="lithtech\runtime\model\modelallocations.cpp">
      <Filter>lithtech\runtime\model</Filter>
    </ClCompile>
    <ClCompile Include="lithtech\runtime\shared\engine_vars.cpp">
      <Filter>lithtech\runtime\shared</Filter>
    </ClCompile>
    <ClCompile Include="lithtech\runtime\shared\genltstream.cpp">
      <Filter>lithtech\runtime\shared</Filter>
    </ClCompile>
    <ClCompile Include="lzma\7zFile.c">
      <Filter>lzma</Filter>
    </ClCompile>
    <ClCompile Include="lzma\7zStream.c">
      <Filter>lzma</Filter>
    </ClCompile>
    <ClCompile Include="lzma\Alloc.c">
      <Filter>lzma</Filter>
    </ClCompile>
    <ClCompile Include="lzma\CpuArch.c">
      <Filter>lzma</Filter>
    </ClCompile>
    <ClCompile Include="lzma\LzFind.c">
      <Filter>lzma</Filter>
    </ClCompile>
    <ClCompile Include="lzma\LzFindMt.c">
      <Filter>lzma</Filter>
    </ClCompile>
    <ClCompile Include="lzma\LzFindOpt.c">
      <Filter>lzma</Filter>
    </ClCompile>
    <ClCompile Include="lzma\LzmaDec.c">
      <Filter>lzma</Filter>
    </ClCompile>
    <ClCompile Include="lzma\LzmaEnc.c">
      <Filter>lzma</Filter>
    </ClCompile>
    <ClCompile Include="lzma\Threads.c">
      <Filter>lzma</Filter>
    </ClCompile>
    <ClCompile Include="src\LzmaDecoder.cpp">
      <Filter>源文件</Filter>
    </ClCompile>
    <ClCompile Include="src\Converter.cpp">
      <Filter>源文件</Filter>
    </ClCompile>
    <ClCompile Include="lithtech\runtime\shared\dtxmgr.cpp">
      <Filter>lithtech\runtime\shared</Filter>
    </ClCompile>
    <ClCompile Include="lithtech\runtime\shared\load_pcx.cpp">
      <Filter>lithtech\runtime\shared</Filter>
    </ClCompile>
    <ClCompile Include="lithtech\runtime\shared\LTTexture.cpp">
      <Filter>lithtech\runtime\shared</Filter>
    </ClCompile>
    <ClCompile Include="lithtech\runtime\shared\pixelformat.cpp">
      <Filter>lithtech\runtime\shared</Filter>
    </ClCompile>
    <ClCompile Include="lithtech\runtime\shared\streamsim.cpp">
      <Filter>lithtech\runtime\shared</Filter>
    </ClCompile>
    <ClCompile Include="src\DtxConverter.cpp">
      <Filter>源文件</Filter>
    </ClCompile>
    <ClCompile Include="lithtech\stdlith\abstractio.cpp">
      <Filter>lithtech\stdlith</Filter>
    </ClCompile>
    <ClCompile Include="lithtech\stdlith\fileio.cpp">
      <Filter>lithtech\stdlith</Filter>
    </ClCompile>
    <ClCompile Include="lithtech\stdlith\lithexception.cpp">
      <Filter>lithtech\stdlith</Filter>
    </ClCompile>
    <ClCompile Include="lithtech\stdlith\memory.cpp">
      <Filter>lithtech\stdlith</Filter>
    </ClCompile>
    <ClCompile Include="lithtech\runtime\shared\dsys_interface.cpp">
      <Filter>lithtech\runtime\shared</Filter>
    </ClCompile>
  </ItemGroup>
  <ItemGroup>
    <ClInclude Include="lithtech\stdlith\dynarray.h">
      <Filter>lithtech\stdlith</Filter>
    </ClInclude>
    <ClInclude Include="lithtech\stdlith\genlist.h">
      <Filter>lithtech\stdlith</Filter>
    </ClInclude>
    <ClInclude Include="lithtech\stdlith\helpers.h">
      <Filter>lithtech\stdlith</Filter>
    </ClInclude>
    <ClInclude Include="lithtech\stdlith\l_allocator.h">
      <Filter>lithtech\stdlith</Filter>
    </ClInclude>
    <ClInclude Include="lithtech\sdk\iltmemory.h">
      <Filter>lithtech\sdk</Filter>
    </ClInclude>
    <ClInclude Include="lithtech\sdk\iltstream.h">
      <Filter>lithtech\sdk</Filter>
    </ClInclude>
    <ClInclude Include="lithtech\sdk\lithtech.h">
      <Filter>lithtech\sdk</Filter>
    </ClInclude>
    <ClInclude Include="lithtech\sdk\ltanimtracker.h">
      <Filter>lithtech\sdk</Filter>
    </ClInclude>
    <ClInclude Include="lithtech\sdk\ltassert.h">
      <Filter>lithtech\sdk</Filter>
    </ClInclude>
    <ClInclude Include="lithtech\sdk\ltbasedefs.h">
      <Filter>lithtech\sdk</Filter>
    </ClInclude>
    <ClInclude Include="lithtech\sdk\ltbasetypes.h">
      <Filter>lithtech\sdk</Filter>
    </ClInclude>
    <ClInclude Include="lithtech\sdk\ltcodes.h">
      <Filter>lithtech\sdk</Filter>
    </ClInclude>
    <ClInclude Include="lithtech\sdk\LTEulerAngles.h">
      <Filter>lithtech\sdk</Filter>
    </ClInclude>
    <ClInclude Include="lithtech\sdk\ltinteger.h">
      <Filter>lithtech\sdk</Filter>
    </ClInclude>
    <ClInclude Include="lithtech\sdk\ltlink.h">
      <Filter>lithtech\sdk</Filter>
    </ClInclude>
    <ClInclude Include="lithtech\sdk\ltmatrix.h">
      <Filter>lithtech\sdk</Filter>
    </ClInclude>
    <ClInclude Include="lithtech\sdk\ltmem.h">
      <Filter>lithtech\sdk</Filter>
    </ClInclude>
    <ClInclude Include="lithtech\sdk\ltplane.h">
      <Filter>lithtech\sdk</Filter>
    </ClInclude>
    <ClInclude Include="lithtech\sdk\ltquatbase.h">
      <Filter>lithtech\sdk</Filter>
    </ClInclude>
    <ClInclude Include="lithtech\sdk\ltrect.h">
      <Filter>lithtech\sdk</Filter>
    </ClInclude>
    <ClInclude Include="lithtech\sdk\ltrendererstats.h">
      <Filter>lithtech\sdk</Filter>
    </ClInclude>
    <ClInclude Include="lithtech\sdk\ltrotation.h">
      <Filter>lithtech\sdk</Filter>
    </ClInclude>
    <ClInclude Include="lithtech\sdk\ltsysoptim.h">
      <Filter>lithtech\sdk</Filter>
    </ClInclude>
    <ClInclude Include="lithtech\sdk\ltvector.h">
      <Filter>lithtech\sdk</Filter>
    </ClInclude>
    <ClInclude Include="lithtech\sdk\physics\coordinate_frame.h">
      <Filter>lithtech\sdk\physics</Filter>
    </ClInclude>
    <ClInclude Include="lithtech\sdk\physics\math_phys.h">
      <Filter>lithtech\sdk\physics</Filter>
    </ClInclude>
    <ClInclude Include="lithtech\sdk\physics\matrix.h">
      <Filter>lithtech\sdk\physics</Filter>
    </ClInclude>
    <ClInclude Include="lithtech\sdk\physics\quaternion.h">
      <Filter>lithtech\sdk\physics</Filter>
    </ClInclude>
    <ClInclude Include="lithtech\sdk\physics\vector.h">
      <Filter>lithtech\sdk\physics</Filter>
    </ClInclude>
    <ClInclude Include="lithtech\sdk\sys\winoptim.h">
      <Filter>lithtech\sdk\sys</Filter>
    </ClInclude>
    <ClInclude Include="lithtech\runtime\kernel\de_file.h">
      <Filter>lithtech\runtime\kernel</Filter>
    </ClInclude>
    <ClInclude Include="lithtech\runtime\lithtemplate\ltt_buffer.h">
      <Filter>lithtech\runtime\lithtemplate</Filter>
    </ClInclude>
    <ClInclude Include="lithtech\runtime\model\ltb.h">
      <Filter>lithtech\runtime\model</Filter>
    </ClInclude>
    <ClInclude Include="lithtech\runtime\model\model.h">
      <Filter>lithtech\runtime\model</Filter>
    </ClInclude>
    <ClInclude Include="lithtech\runtime\model\modelallocations.h">
      <Filter>lithtech\runtime\model</Filter>
    </ClInclude>
    <ClInclude Include="lithtech\runtime\shared\bdefs.h">
      <Filter>lithtech\runtime\shared</Filter>
    </ClInclude>
    <ClInclude Include="lithtech\runtime\shared\gamemath.h">
      <Filter>lithtech\runtime\shared</Filter>
    </ClInclude>
    <ClInclude Include="lithtech\runtime\shared\genltstream.h">
      <Filter>lithtech\runtime\shared</Filter>
    </ClInclude>
    <ClInclude Include="lithtech\runtime\shared\renderobject.h">
      <Filter>lithtech\runtime\shared</Filter>
    </ClInclude>
    <ClInclude Include="lzma\7zFile.h">
      <Filter>lzma</Filter>
    </ClInclude>
    <ClInclude Include="lzma\7zTypes.h">
      <Filter>lzma</Filter>
    </ClInclude>
    <ClInclude Include="lzma\7zVersion.h">
      <Filter>lzma</Filter>
    </ClInclude>
    <ClInclude Include="lzma\Alloc.h">
      <Filter>lzma</Filter>
    </ClInclude>
    <ClInclude Include="lzma\CpuArch.h">
      <Filter>lzma</Filter>
    </ClInclude>
    <ClInclude Include="lzma\LzFind.h">
      <Filter>lzma</Filter>
    </ClInclude>
    <ClInclude Include="lzma\LzFindMt.h">
      <Filter>lzma</Filter>
    </ClInclude>
    <ClInclude Include="lzma\LzmaDec.h">
      <Filter>lzma</Filter>
    </ClInclude>
    <ClInclude Include="lzma\LzmaEnc.h">
      <Filter>lzma</Filter>
    </ClInclude>
    <ClInclude Include="lzma\Precomp.h">
      <Filter>lzma</Filter>
    </ClInclude>
    <ClInclude Include="lzma\Threads.h">
      <Filter>lzma</Filter>
    </ClInclude>
    <ClInclude Include="lzma\Compiler.h">
      <Filter>lzma</Filter>
    </ClInclude>
    <ClInclude Include="lzma\LzHash.h">
      <Filter>lzma</Filter>
    </ClInclude>
    <ClInclude Include="src\LzmaDecoder.h">
      <Filter>源文件</Filter>
    </ClInclude>
    <ClInclude Include="src\Converter.h">
      <Filter>源文件</Filter>
    </ClInclude>
    <ClInclude Include="lithtech\sdk\ltpvalue.h">
      <Filter>lithtech\sdk</Filter>
    </ClInclude>
    <ClInclude Include="lithtech\runtime\shared\dtxmgr.h">
      <Filter>lithtech\runtime\shared</Filter>
    </ClInclude>
    <ClInclude Include="lithtech\runtime\shared\load_pcx.h">
      <Filter>lithtech\runtime\shared</Filter>
    </ClInclude>
    <ClInclude Include="lithtech\runtime\shared\LTTexture.h">
      <Filter>lithtech\runtime\shared</Filter>
    </ClInclude>
    <ClInclude Include="lithtech\runtime\shared\pixelformat.h">
      <Filter>lithtech\runtime\shared</Filter>
    </ClInclude>
    <ClInclude Include="lithtech\runtime\shared\streamsim.h">
      <Filter>lithtech\runtime\shared</Filter>
    </ClInclude>
    <ClInclude Include="lithtech\runtime\shared\sysstreamsim.h">
      <Filter>lithtech\runtime\shared</Filter>
    </ClInclude>
    <ClInclude Include="src\DtxConverter.h">
      <Filter>源文件</Filter>
    </ClInclude>
    <ClInclude Include="lithtech\runtime\shared\ltcompat.h">
      <Filter>lithtech\runtime\shared</Filter>
    </ClInclude>
    <ClInclude Include="lithtech\stdlith\abstractio.h">
      <Filter>lithtech\stdlith</Filter>
    </ClInclude>
    <ClInclude Include="lithtech\stdlith\fileio.h">
      <Filter>lithtech\stdlith</Filter>
    </ClInclude>
    <ClInclude Include="lithtech\stdlith\lithexception.h">
      <Filter>lithtech\stdlith</Filter>
    </ClInclude>
    <ClInclude Include="lithtech\stdlith\memory.h">
      <Filter>lithtech\stdlith</Filter>
    </ClInclude>
    <ClInclude Include="lithtech\stdlith\stdlithdefs.h">
      <Filter>lithtech\stdlith</Filter>
    </ClInclude>
  </ItemGroup>
  <ItemGroup>
    <None Include="cpp.hint" />
  </ItemGroup>
</Project>